
Microsoft Visual Studio Solution File, Format Version 12.00
# Visual Studio Version 17
VisualStudioVersion = 17.0.32112.339
MinimumVisualStudioVersion = 10.0.40219.1
Project("{FAE04EC0-301F-11D3-BF4B-00C04F79EFBC}") = "DeployAPI", "DeployAPI.csproj", "{DB4EEF58-1978-4E15-8A9A-C80E7D2F775B}"
EndProject
Global
	GlobalSection(SolutionConfigurationPlatforms) = preSolution
		Debug|Any CPU = Debug|Any CPU
		Release|Any CPU = Release|Any CPU
	EndGlobalSection
	GlobalSection(ProjectConfigurationPlatforms) = postSolution
		{DB4EEF58-1978-4E15-8A9A-C80E7D2F775B}.Debug|Any CPU.ActiveCfg = Debug|Any CPU
		{DB4EEF58-1978-4E15-8A9A-C80E7D2F775B}.Debug|Any CPU.Build.0 = Debug|Any CPU
		{DB4EEF58-1978-4E15-8A9A-C80E7D2F775B}.Release|Any CPU.ActiveCfg = Release|Any CPU
		{DB4EEF58-1978-4E15-8A9A-C80E7D2F775B}.Release|Any CPU.Build.0 = Release|Any CPU
	EndGlobalSection
	GlobalSection(SolutionProperties) = preSolution
		HideSolutionNode = FALSE
	EndGlobalSection
	GlobalSection(ExtensibilityGlobals) = postSolution
		SolutionGuid = {7CDF870C-13C7-4638-B4F4-C56B4B65FB35}
	EndGlobalSection
EndGlobal
